// !$*UTF8*$!
{
	archiveVersion = 1;
	classes = {
	};
	objectVersion = 56;
	objects = {

/* Begin PBXBuildFile section */
		88C5A79D2B2BD31900D0FEA5 /* main.swift in Sources */ = {isa = PBXBuildFile; fileRef = 88C5A79C2B2BD31900D0FEA5 /* main.swift */; };
		88C5A7A52B2BD34000D0FEA5 /* ArgumentParser in Frameworks */ = {isa = PBXBuildFile; productRef = 88C5A7A42B2BD34000D0FEA5 /* ArgumentParser */; };
		88C5A7AB2B2D041800D0FEA5 /* q20kshare in Frameworks */ = {isa = PBXBuildFile; productRef = 88C5A7AA2B2D041800D0FEA5 /* q20kshare */; };
/* End PBXBuildFile section */

/* Begin PBXCopyFilesBuildPhase section */
		88C5A7972B2BD31900D0FEA5 /* CopyFiles */ = {
			isa = PBXCopyFilesBuildPhase;
			buildActionMask = 2147483647;
			dstPath = /usr/share/man/man1/;
			dstSubfolderSpec = 0;
			files = (
			);
			runOnlyForDeploymentPostprocessing = 1;
		};
/* End PBXCopyFilesBuildPhase section */

/* Begin PBXFileReference section */
		88C5A7992B2BD31900D0FEA5 /* bender */ = {isa = PBXFileReference; explicitFileType = "compiled.mach-o.executable"; includeInIndex = 0; path = bender; sourceTree = BUILT_PRODUCTS_DIR; };
		88C5A79C2B2BD31900D0FEA5 /* main.swift */ = {isa = PBXFileReference; lastKnownFileType = sourcecode.swift; path = main.swift; sourceTree = "<group>"; };
		88C5A7A62B2BDB2B00D0FEA5 /* json1.json */ = {isa = PBXFileReference; lastKnownFileType = text.json; path = json1.json; sourceTree = "<group>"; };
		88C5A7A72B2BDBC200D0FEA5 /* json2.json */ = {isa = PBXFileReference; lastKnownFileType = text.json; path = json2.json; sourceTree = "<group>"; };
		88C5A7A82B2BDBF100D0FEA5 /* json3.json */ = {isa = PBXFileReference; lastKnownFileType = text.json; path = json3.json; sourceTree = "<group>"; };
		88C5A7AC2B2D14C300D0FEA5 /* README.md */ = {isa = PBXFileReference; lastKnownFileType = net.daringfireball.markdown; path = README.md; sourceTree = "<group>"; };
/* End PBXFileReference section */

/* Begin PBXFrameworksBuildPhase section */
		88C5A7962B2BD31900D0FEA5 /* Frameworks */ = {
			isa = PBXFrameworksBuildPhase;
			buildActionMask = 2147483647;
			files = (
				88C5A7AB2B2D041800D0FEA5 /* q20kshare in Frameworks */,
				88C5A7A52B2BD34000D0FEA5 /* ArgumentParser in Frameworks */,
			);
			runOnlyForDeploymentPostprocessing = 0;
		};
/* End PBXFrameworksBuildPhase section */

/* Begin PBXGroup section */
		88C5A7902B2BD31900D0FEA5 = {
			isa = PBXGroup;
			children = (
				88C5A7AC2B2D14C300D0FEA5 /* README.md */,
				88C5A7A62B2BDB2B00D0FEA5 /* json1.json */,
				88C5A7A72B2BDBC200D0FEA5 /* json2.json */,
				88C5A7A82B2BDBF100D0FEA5 /* json3.json */,
				88C5A79B2B2BD31900D0FEA5 /* bender */,
				88C5A79A2B2BD31900D0FEA5 /* Products */,
			);
			sourceTree = "<group>";
		};
		88C5A79A2B2BD31900D0FEA5 /* Products */ = {
			isa = PBXGroup;
			children = (
				88C5A7992B2BD31900D0FEA5 /* bender */,
			);
			name = Products;
			sourceTree = "<group>";
		};
		88C5A79B2B2BD31900D0FEA5 /* bender */ = {
			isa = PBXGroup;
			children = (
				88C5A79C2B2BD31900D0FEA5 /* main.swift */,
			);
			path = bender;
			sourceTree = "<group>";
		};
/* End PBXGroup section */

/* Begin PBXNativeTarget section */
		88C5A7982B2BD31900D0FEA5 /* bender */ = {
			isa = PBXNativeTarget;
			buildConfigurationList = 88C5A7A02B2BD31900D0FEA5 /* Build configuration list for PBXNativeTarget "bender" */;
			buildPhases = (
				88C5A7952B2BD31900D0FEA5 /* Sources */,
				88C5A7962B2BD31900D0FEA5 /* Frameworks */,
				88C5A7972B2BD31900D0FEA5 /* CopyFiles */,
			);
			buildRules = (
			);
			dependencies = (
			);
			name = bender;
			packageProductDependencies = (
				88C5A7A42B2BD34000D0FEA5 /* ArgumentParser */,
				88C5A7AA2B2D041800D0FEA5 /* q20kshare */,
			);
			productName = bender;
			productReference = 88C5A7992B2BD31900D0FEA5 /* bender */;
			productType = "com.apple.product-type.tool";
		};
/* End PBXNativeTarget section */

/* Begin PBXProject section */
		88C5A7912B2BD31900D0FEA5 /* Project object */ = {
			isa = PBXProject;
			attributes = {
				BuildIndependentTargetsInParallel = 1;
				LastSwiftUpdateCheck = 1510;
				LastUpgradeCheck = 1510;
				TargetAttributes = {
					88C5A7982B2BD31900D0FEA5 = {
						CreatedOnToolsVersion = 15.1;
					};
				};
			};
			buildConfigurationList = 88C5A7942B2BD31900D0FEA5 /* Build configuration list for PBXProject "bender" */;
			compatibilityVersion = "Xcode 14.0";
			developmentRegion = en;
			hasScannedForEncodings = 0;
			knownRegions = (
				en,
				Base,
			);
			mainGroup = 88C5A7902B2BD31900D0FEA5;
			packageReferences = (
				88C5A7A32B2BD34000D0FEA5 /* XCRemoteSwiftPackageReference "swift-argument-parser" */,
				88C5A7A92B2D041800D0FEA5 /* XCRemoteSwiftPackageReference "q20kshare" */,
			);
			productRefGroup = 88C5A79A2B2BD31900D0FEA5 /* Products */;
			projectDirPath = "";
			projectRoot = "";
			targets = (
				88C5A7982B2BD31900D0FEA5 /* bender */,
			);
		};
/* End PBXProject section */

/* Begin PBXSourcesBuildPhase section */
		88C5A7952B2BD31900D0FEA5 /* Sources */ = {
			isa = PBXSourcesBuildPhase;
			buildActionMask = 2147483647;
			files = (
				88C5A79D2B2BD31900D0FEA5 /* main.swift in Sources */,
			);
			runOnlyForDeploymentPostprocessing = 0;
		};
/* End PBXSourcesBuildPhase section */

/* Begin XCBuildConfiguration section */
		88C5A79E2B2BD31900D0FEA5 /* Debug */ = {
			isa = XCBuildConfiguration;
			buildSettings = {
				ALWAYS_SEARCH_USER_PATHS = NO;
				ASSETCATALOG_COMPILER_GENERATE_SWIFT_ASSET_SYMBOL_EXTENSIONS = YES;
				CLANG_ANALYZER_NONNULL = YES;
				CLANG_ANALYZER_NUMBER_OBJECT_CONVERSION = YES_AGGRESSIVE;
				CLANG_CXX_LANGUAGE_STANDARD = "gnu++20";
				CLANG_ENABLE_MODULES = YES;
				CLANG_ENABLE_OBJC_ARC = YES;
				CLANG_ENABLE_OBJC_WEAK = YES;
				CLANG_WARN_BLOCK_CAPTURE_AUTORELEASING = YES;
				CLANG_WARN_BOOL_CONVERSION = YES;
				CLANG_WARN_COMMA = YES;
				CLANG_WARN_CONSTANT_CONVERSION = YES;
				CLANG_WARN_DEPRECATED_OBJC_IMPLEMENTATIONS = YES;
				CLANG_WARN_DIRECT_OBJC_ISA_USAGE = YES_ERROR;
				CLANG_WARN_DOCUMENTATION_COMMENTS = YES;
				CLANG_WARN_EMPTY_BODY = YES;
				CLANG_WARN_ENUM_CONVERSION = YES;
				CLANG_WARN_INFINITE_RECURSION = YES;
				CLANG_WARN_INT_CONVERSION = YES;
				CLANG_WARN_NON_LITERAL_NULL_CONVERSION = YES;
				CLANG_WARN_OBJC_IMPLICIT_RETAIN_SELF = YES;
				CLANG_WARN_OBJC_LITERAL_CONVERSION = YES;
				CLANG_WARN_OBJC_ROOT_CLASS = YES_ERROR;
				CLANG_WARN_QUOTED_INCLUDE_IN_FRAMEWORK_HEADER = YES;
				CLANG_WARN_RANGE_LOOP_ANALYSIS = YES;
				CLANG_WARN_STRICT_PROTOTYPES = YES;
				CLANG_WARN_SUSPICIOUS_MOVE = YES;
				CLANG_WARN_UNGUARDED_AVAILABILITY = YES_AGGRESSIVE;
				CLANG_WARN_UNREACHABLE_CODE = YES;
				CLANG_WARN__DUPLICATE_METHOD_MATCH = YES;
				COPY_PHASE_STRIP = NO;
				DEBUG_INFORMATION_FORMAT = dwarf;
				ENABLE_STRICT_OBJC_MSGSEND = YES;
				ENABLE_TESTABILITY = YES;
				ENABLE_USER_SCRIPT_SANDBOXING = YES;
				GCC_C_LANGUAGE_STANDARD = gnu17;
				GCC_DYNAMIC_NO_PIC = NO;
				GCC_NO_COMMON_BLOCKS = YES;
				GCC_OPTIMIZATION_LEVEL = 0;
				GCC_PREPROCESSOR_DEFINITIONS = (
					"DEBUG=1",
					"$(inherited)",
				);
				GCC_WARN_64_TO_32_BIT_CONVERSION = YES;
				GCC_WARN_ABOUT_RETURN_TYPE = YES_ERROR;
				GCC_WARN_UNDECLARED_SELECTOR = YES;
				GCC_WARN_UNINITIALIZED_AUTOS = YES_AGGRESSIVE;
				GCC_WARN_UNUSED_FUNCTION = YES;
				GCC_WARN_UNUSED_VARIABLE = YES;
				LOCALIZATION_PREFERS_STRING_CATALOGS = YES;
				MACOSX_DEPLOYMENT_TARGET = 14.1;
				MTL_ENABLE_DEBUG_INFO = INCLUDE_SOURCE;
				MTL_FAST_MATH = YES;
				ONLY_ACTIVE_ARCH = YES;
				SDKROOT = macosx;
				SWIFT_ACTIVE_COMPILATION_CONDITIONS = "DEBUG $(inherited)";
				SWIFT_OPTIMIZATION_LEVEL = "-Onone";
			};
			name = Debug;
		};
		88C5A79F2B2BD31900D0FEA5 /* Release */ = {
			isa = XCBuildConfiguration;
			buildSettings = {
				ALWAYS_SEARCH_USER_PATHS = NO;
				ASSETCATALOG_COMPILER_GENERATE_SWIFT_ASSET_SYMBOL_EXTENSIONS = YES;
				CLANG_ANALYZER_NONNULL = YES;
				CLANG_ANALYZER_NUMBER_OBJECT_CONVERSION = YES_AGGRESSIVE;
				CLANG_CXX_LANGUAGE_STANDARD = "gnu++20";
				CLANG_ENABLE_MODULES = YES;
				CLANG_ENABLE_OBJC_ARC = YES;
				CLANG_ENABLE_OBJC_WEAK = YES;
				CLANG_WARN_BLOCK_CAPTURE_AUTORELEASING = YES;
				CLANG_WARN_BOOL_CONVERSION = YES;
				CLANG_WARN_COMMA = YES;
				CLANG_WARN_CONSTANT_CONVERSION = YES;
				CLANG_WARN_DEPRECATED_OBJC_IMPLEMENTATIONS = YES;
				CLANG_WARN_DIRECT_OBJC_ISA_USAGE = YES_ERROR;
				CLANG_WARN_DOCUMENTATION_COMMENTS = YES;
				CLANG_WARN_EMPTY_BODY = YES;
				CLANG_WARN_ENUM_CONVERSION = YES;
				CLANG_WARN_INFINITE_RECURSION = YES;
				CLANG_WARN_INT_CONVERSION = YES;
				CLANG_WARN_NON_LITERAL_NULL_CONVERSION = YES;
				CLANG_WARN_OBJC_IMPLICIT_RETAIN_SELF = YES;
				CLANG_WARN_OBJC_LITERAL_CONVERSION = YES;
				CLANG_WARN_OBJC_ROOT_CLASS = YES_ERROR;
				CLANG_WARN_QUOTED_INCLUDE_IN_FRAMEWORK_HEADER = YES;
				CLANG_WARN_RANGE_LOOP_ANALYSIS = YES;
				CLANG_WARN_STRICT_PROTOTYPES = YES;
				CLANG_WARN_SUSPICIOUS_MOVE = YES;
				CLANG_WARN_UNGUARDED_AVAILABILITY = YES_AGGRESSIVE;
				CLANG_WARN_UNREACHABLE_CODE = YES;
				CLANG_WARN__DUPLICATE_METHOD_MATCH = YES;
				COPY_PHASE_STRIP = NO;
				DEBUG_INFORMATION_FORMAT = "dwarf-with-dsym";
				ENABLE_NS_ASSERTIONS = NO;
				ENABLE_STRICT_OBJC_MSGSEND = YES;
				ENABLE_USER_SCRIPT_SANDBOXING = YES;
				GCC_C_LANGUAGE_STANDARD = gnu17;
				GCC_NO_COMMON_BLOCKS = YES;
				GCC_WARN_64_TO_32_BIT_CONVERSION = YES;
				GCC_WARN_ABOUT_RETURN_TYPE = YES_ERROR;
				GCC_WARN_UNDECLARED_SELECTOR = YES;
				GCC_WARN_UNINITIALIZED_AUTOS = YES_AGGRESSIVE;
				GCC_WARN_UNUSED_FUNCTION = YES;
				GCC_WARN_UNUSED_VARIABLE = YES;
				LOCALIZATION_PREFERS_STRING_CATALOGS = YES;
				MACOSX_DEPLOYMENT_TARGET = 14.1;
				MTL_ENABLE_DEBUG_INFO = NO;
				MTL_FAST_MATH = YES;
				SDKROOT = macosx;
				SWIFT_COMPILATION_MODE = wholemodule;
			};
			name = Release;
		};
		88C5A7A12B2BD31900D0FEA5 /* Debug */ = {
			isa = XCBuildConfiguration;
			buildSettings = {
				CODE_SIGN_STYLE = Automatic;
				DEVELOPMENT_TEAM = NEAY582ME4;
				ENABLE_HARDENED_RUNTIME = YES;
				PRODUCT_NAME = "$(TARGET_NAME)";
				SWIFT_VERSION = 5.0;
			};
			name = Debug;
		};
		88C5A7A22B2BD31900D0FEA5 /* Release */ = {
			isa = XCBuildConfiguration;
			buildSettings = {
				CODE_SIGN_STYLE = Automatic;
				DEVELOPMENT_TEAM = NEAY582ME4;
				ENABLE_HARDENED_RUNTIME = YES;
				PRODUCT_NAME = "$(TARGET_NAME)";
				SWIFT_VERSION = 5.0;
			};
			name = Release;
		};
/* End XCBuildConfiguration section */

/* Begin XCConfigurationList section */
		88C5A7942B2BD31900D0FEA5 /* Build configuration list for PBXProject "bender" */ = {
			isa = XCConfigurationList;
			buildConfigurations = (
				88C5A79E2B2BD31900D0FEA5 /* Debug */,
				88C5A79F2B2BD31900D0FEA5 /* Release */,
			);
			defaultConfigurationIsVisible = 0;
			defaultConfigurationName = Release;
		};
		88C5A7A02B2BD31900D0FEA5 /* Build configuration list for PBXNativeTarget "bender" */ = {
			isa = XCConfigurationList;
			buildConfigurations = (
				88C5A7A12B2BD31900D0FEA5 /* Debug */,
				88C5A7A22B2BD31900D0FEA5 /* Release */,
			);
			defaultConfigurationIsVisible = 0;
			defaultConfigurationName = Release;
		};
/* End XCConfigurationList section */

/* Begin XCRemoteSwiftPackageReference section */
		88C5A7A32B2BD34000D0FEA5 /* XCRemoteSwiftPackageReference "swift-argument-parser" */ = {
			isa = XCRemoteSwiftPackageReference;
			repositoryURL = "https://github.com/apple/swift-argument-parser.git";
			requirement = {
				kind = upToNextMajorVersion;
				minimumVersion = 1.3.0;
			};
		};
		88C5A7A92B2D041800D0FEA5 /* XCRemoteSwiftPackageReference "q20kshare" */ = {
			isa = XCRemoteSwiftPackageReference;
			repositoryURL = "https://github.com/billdonner/q20kshare";
			requirement = {
				kind = upToNextMajorVersion;
				minimumVersion = 0.5.10;
			};
		};
/* End XCRemoteSwiftPackageReference section */

/* Begin XCSwiftPackageProductDependency section */
		88C5A7A42B2BD34000D0FEA5 /* ArgumentParser */ = {
			isa = XCSwiftPackageProductDependency;
			package = 88C5A7A32B2BD34000D0FEA5 /* XCRemoteSwiftPackageReference "swift-argument-parser" */;
			productName = ArgumentParser;
		};
		88C5A7AA2B2D041800D0FEA5 /* q20kshare */ = {
			isa = XCSwiftPackageProductDependency;
			package = 88C5A7A92B2D041800D0FEA5 /* XCRemoteSwiftPackageReference "q20kshare" */;
			productName = q20kshare;
		};
/* End XCSwiftPackageProductDependency section */
	};
	rootObject = 88C5A7912B2BD31900D0FEA5 /* Project object */;
}
